
Microsoft Visual Studio Solution File, Format Version 12.00
# Visual Studio Version 17
Project("{8BC9CEB8-8B4A-11D0-8D11-00A0C91BC942}") = "ALL_BUILD", "ALL_BUILD.vcxproj", "{B796DBB2-3F7A-3749-BADC-7CCF2D9A15C6}"
	ProjectSection(ProjectDependencies) = postProject
		{23982D34-B80E-3F4C-B810-543FE36BC210} = {23982D34-B80E-3F4C-B810-543FE36BC210}
		{450818A5-4299-3740-B938-D03257BE8298} = {450818A5-4299-3740-B938-D03257BE8298}
		{FE242CD2-BCB2-3A78-9417-7B586EF4B87E} = {FE242CD2-BCB2-3A78-9417-7B586EF4B87E}
		{092FC608-9631-3225-B3BF-23B85B244DD7} = {092FC608-9631-3225-B3BF-23B85B244DD7}
		{2F9558E0-3671-3139-97D9-02E38AA5EF73} = {2F9558E0-3671-3139-97D9-02E38AA5EF73}
		{00E705D9-CB70-3025-B2C4-675D99AFF484} = {00E705D9-CB70-3025-B2C4-675D99AFF484}
		{18A12857-B3C9-3590-990B-9FD8752793E0} = {18A12857-B3C9-3590-990B-9FD8752793E0}
		{1084362A-164E-3CB8-9F21-AEAFD8C60FFE} = {1084362A-164E-3CB8-9F21-AEAFD8C60FFE}
		{A50A7EF6-B8EB-31E0-B2AC-E0B5FFB3A272} = {A50A7EF6-B8EB-31E0-B2AC-E0B5FFB3A272}
		{676CB3B6-9995-3285-9B2A-7285CBBCF161} = {676CB3B6-9995-3285-9B2A-7285CBBCF161}
		{F3232593-FA97-37AB-B0B6-45506B5667EE} = {F3232593-FA97-37AB-B0B6-45506B5667EE}
		{2F8B51F0-E29C-3FF8-9F2A-D7E764A19637} = {2F8B51F0-E29C-3FF8-9F2A-D7E764A19637}
		{4210CF07-B602-3574-8177-32C802A277EC} = {4210CF07-B602-3574-8177-32C802A277EC}
		{E745D834-92E5-3A3A-B6F3-33C6768FC64D} = {E745D834-92E5-3A3A-B6F3-33C6768FC64D}
		{45D42A0D-4F32-3C28-9FE1-D9F1D8CB366C} = {45D42A0D-4F32-3C28-9FE1-D9F1D8CB366C}
		{787DE21A-9486-35BE-B38F-BE1A57E666C1} = {787DE21A-9486-35BE-B38F-BE1A57E666C1}
	EndProjectSection
EndProject
Project("{8BC9CEB8-8B4A-11D0-8D11-00A0C91BC942}") = "RUN_TESTS", "RUN_TESTS.vcxproj", "{81B2F7B4-682D-30DD-A931-0F9321995C84}"
	ProjectSection(ProjectDependencies) = postProject
		{23982D34-B80E-3F4C-B810-543FE36BC210} = {23982D34-B80E-3F4C-B810-543FE36BC210}
	EndProjectSection
EndProject
Project("{8BC9CEB8-8B4A-11D0-8D11-00A0C91BC942}") = "ZERO_CHECK", "ZERO_CHECK.vcxproj", "{23982D34-B80E-3F4C-B810-543FE36BC210}"
	ProjectSection(ProjectDependencies) = postProject
	EndProjectSection
EndProject
Project("{8BC9CEB8-8B4A-11D0-8D11-00A0C91BC942}") = "pnp", "pnp.vcxproj", "{450818A5-4299-3740-B938-D03257BE8298}"
	ProjectSection(ProjectDependencies) = postProject
		{23982D34-B80E-3F4C-B810-543FE36BC210} = {23982D34-B80E-3F4C-B810-543FE36BC210}
	EndProjectSection
EndProject
Project("{8BC9CEB8-8B4A-11D0-8D11-00A0C91BC942}") = "pnp_benchmark", "pnp_benchmark.vcxproj", "{FE242CD2-BCB2-3A78-9417-7B586EF4B87E}"
	ProjectSection(ProjectDependencies) = postProject
		{23982D34-B80E-3F4C-B810-543FE36BC210} = {23982D34-B80E-3F4C-B810-543FE36BC210}
		{450818A5-4299-3740-B938-D03257BE8298} = {450818A5-4299-3740-B938-D03257BE8298}
	EndProjectSection
EndProject
Project("{8BC9CEB8-8B4A-11D0-8D11-00A0C91BC942}") = "test_analysis", "test_analysis.vcxproj", "{092FC608-9631-3225-B3BF-23B85B244DD7}"
	ProjectSection(ProjectDependencies) = postProject
		{23982D34-B80E-3F4C-B810-543FE36BC210} = {23982D34-B80E-3F4C-B810-543FE36BC210}
		{450818A5-4299-3740-B938-D03257BE8298} = {450818A5-4299-3740-B938-D03257BE8298}
	EndProjectSection
EndProject
Project("{8BC9CEB8-8B4A-11D0-8D11-00A0C91BC942}") = "test_cross_toolchain", "test_cross_toolchain.vcxproj", "{2F9558E0-3671-3139-97D9-02E38AA5EF73}"
	ProjectSection(ProjectDependencies) = postProject
		{23982D34-B80E-3F4C-B810-543FE36BC210} = {23982D34-B80E-3F4C-B810-543FE36BC210}
		{450818A5-4299-3740-B938-D03257BE8298} = {450818A5-4299-3740-B938-D03257BE8298}
	EndProjectSection
EndProject
Project("{8BC9CEB8-8B4A-11D0-8D11-00A0C91BC942}") = "test_determinism", "test_determinism.vcxproj", "{00E705D9-CB70-3025-B2C4-675D99AFF484}"
	ProjectSection(ProjectDependencies) = postProject
		{23982D34-B80E-3F4C-B810-543FE36BC210} = {23982D34-B80E-3F4C-B810-543FE36BC210}
		{450818A5-4299-3740-B938-D03257BE8298} = {450818A5-4299-3740-B938-D03257BE8298}
	EndProjectSection
EndProject
Project("{8BC9CEB8-8B4A-11D0-8D11-00A0C91BC942}") = "test_expressivity", "test_expressivity.vcxproj", "{18A12857-B3C9-3590-990B-9FD8752793E0}"
	ProjectSection(ProjectDependencies) = postProject
		{23982D34-B80E-3F4C-B810-543FE36BC210} = {23982D34-B80E-3F4C-B810-543FE36BC210}
		{450818A5-4299-3740-B938-D03257BE8298} = {450818A5-4299-3740-B938-D03257BE8298}
	EndProjectSection
EndProject
Project("{8BC9CEB8-8B4A-11D0-8D11-00A0C91BC942}") = "test_expressivity_regression", "test_expressivity_regression.vcxproj", "{1084362A-164E-3CB8-9F21-AEAFD8C60FFE}"
	ProjectSection(ProjectDependencies) = postProject
		{23982D34-B80E-3F4C-B810-543FE36BC210} = {23982D34-B80E-3F4C-B810-543FE36BC210}
		{450818A5-4299-3740-B938-D03257BE8298} = {450818A5-4299-3740-B938-D03257BE8298}
	EndProjectSection
EndProject
Project("{8BC9CEB8-8B4A-11D0-8D11-00A0C91BC942}") = "test_freeze", "test_freeze.vcxproj", "{A50A7EF6-B8EB-31E0-B2AC-E0B5FFB3A272}"
	ProjectSection(ProjectDependencies) = postProject
		{23982D34-B80E-3F4C-B810-543FE36BC210} = {23982D34-B80E-3F4C-B810-543FE36BC210}
		{450818A5-4299-3740-B938-D03257BE8298} = {450818A5-4299-3740-B938-D03257BE8298}
	EndProjectSection
EndProject
Project("{8BC9CEB8-8B4A-11D0-8D11-00A0C91BC942}") = "test_fsm", "test_fsm.vcxproj", "{676CB3B6-9995-3285-9B2A-7285CBBCF161}"
	ProjectSection(ProjectDependencies) = postProject
		{23982D34-B80E-3F4C-B810-543FE36BC210} = {23982D34-B80E-3F4C-B810-543FE36BC210}
		{450818A5-4299-3740-B938-D03257BE8298} = {450818A5-4299-3740-B938-D03257BE8298}
	EndProjectSection
EndProject
Project("{8BC9CEB8-8B4A-11D0-8D11-00A0C91BC942}") = "test_generated", "test_generated.vcxproj", "{F3232593-FA97-37AB-B0B6-45506B5667EE}"
	ProjectSection(ProjectDependencies) = postProject
		{23982D34-B80E-3F4C-B810-543FE36BC210} = {23982D34-B80E-3F4C-B810-543FE36BC210}
		{450818A5-4299-3740-B938-D03257BE8298} = {450818A5-4299-3740-B938-D03257BE8298}
	EndProjectSection
EndProject
Project("{8BC9CEB8-8B4A-11D0-8D11-00A0C91BC942}") = "test_graph", "test_graph.vcxproj", "{2F8B51F0-E29C-3FF8-9F2A-D7E764A19637}"
	ProjectSection(ProjectDependencies) = postProject
		{23982D34-B80E-3F4C-B810-543FE36BC210} = {23982D34-B80E-3F4C-B810-543FE36BC210}
		{450818A5-4299-3740-B938-D03257BE8298} = {450818A5-4299-3740-B938-D03257BE8298}
	EndProjectSection
EndProject
Project("{8BC9CEB8-8B4A-11D0-8D11-00A0C91BC942}") = "test_primitive", "test_primitive.vcxproj", "{4210CF07-B602-3574-8177-32C802A277EC}"
	ProjectSection(ProjectDependencies) = postProject
		{23982D34-B80E-3F4C-B810-543FE36BC210} = {23982D34-B80E-3F4C-B810-543FE36BC210}
		{450818A5-4299-3740-B938-D03257BE8298} = {450818A5-4299-3740-B938-D03257BE8298}
	EndProjectSection
EndProject
Project("{8BC9CEB8-8B4A-11D0-8D11-00A0C91BC942}") = "test_retry", "test_retry.vcxproj", "{E745D834-92E5-3A3A-B6F3-33C6768FC64D}"
	ProjectSection(ProjectDependencies) = postProject
		{23982D34-B80E-3F4C-B810-543FE36BC210} = {23982D34-B80E-3F4C-B810-543FE36BC210}
		{450818A5-4299-3740-B938-D03257BE8298} = {450818A5-4299-3740-B938-D03257BE8298}
	EndProjectSection
EndProject
Project("{8BC9CEB8-8B4A-11D0-8D11-00A0C91BC942}") = "test_serialization", "test_serialization.vcxproj", "{45D42A0D-4F32-3C28-9FE1-D9F1D8CB366C}"
	ProjectSection(ProjectDependencies) = postProject
		{23982D34-B80E-3F4C-B810-543FE36BC210} = {23982D34-B80E-3F4C-B810-543FE36BC210}
		{450818A5-4299-3740-B938-D03257BE8298} = {450818A5-4299-3740-B938-D03257BE8298}
	EndProjectSection
EndProject
Project("{8BC9CEB8-8B4A-11D0-8D11-00A0C91BC942}") = "test_topology", "test_topology.vcxproj", "{787DE21A-9486-35BE-B38F-BE1A57E666C1}"
	ProjectSection(ProjectDependencies) = postProject
		{23982D34-B80E-3F4C-B810-543FE36BC210} = {23982D34-B80E-3F4C-B810-543FE36BC210}
		{450818A5-4299-3740-B938-D03257BE8298} = {450818A5-4299-3740-B938-D03257BE8298}
	EndProjectSection
EndProject
Global
	GlobalSection(SolutionConfigurationPlatforms) = preSolution
		Debug|x64 = Debug|x64
		Release|x64 = Release|x64
		MinSizeRel|x64 = MinSizeRel|x64
		RelWithDebInfo|x64 = RelWithDebInfo|x64
	EndGlobalSection
	GlobalSection(ProjectConfigurationPlatforms) = postSolution
		{B796DBB2-3F7A-3749-BADC-7CCF2D9A15C6}.Debug|x64.ActiveCfg = Debug|x64
		{B796DBB2-3F7A-3749-BADC-7CCF2D9A15C6}.Release|x64.ActiveCfg = Release|x64
		{B796DBB2-3F7A-3749-BADC-7CCF2D9A15C6}.MinSizeRel|x64.ActiveCfg = MinSizeRel|x64
		{B796DBB2-3F7A-3749-BADC-7CCF2D9A15C6}.RelWithDebInfo|x64.ActiveCfg = RelWithDebInfo|x64
		{81B2F7B4-682D-30DD-A931-0F9321995C84}.Debug|x64.ActiveCfg = Debug|x64
		{81B2F7B4-682D-30DD-A931-0F9321995C84}.Release|x64.ActiveCfg = Release|x64
		{81B2F7B4-682D-30DD-A931-0F9321995C84}.MinSizeRel|x64.ActiveCfg = MinSizeRel|x64
		{81B2F7B4-682D-30DD-A931-0F9321995C84}.RelWithDebInfo|x64.ActiveCfg = RelWithDebInfo|x64
		{23982D34-B80E-3F4C-B810-543FE36BC210}.Debug|x64.ActiveCfg = Debug|x64
		{23982D34-B80E-3F4C-B810-543FE36BC210}.Debug|x64.Build.0 = Debug|x64
		{23982D34-B80E-3F4C-B810-543FE36BC210}.Release|x64.ActiveCfg = Release|x64
		{23982D34-B80E-3F4C-B810-543FE36BC210}.Release|x64.Build.0 = Release|x64
		{23982D34-B80E-3F4C-B810-543FE36BC210}.MinSizeRel|x64.ActiveCfg = MinSizeRel|x64
		{23982D34-B80E-3F4C-B810-543FE36BC210}.MinSizeRel|x64.Build.0 = MinSizeRel|x64
		{23982D34-B80E-3F4C-B810-543FE36BC210}.RelWithDebInfo|x64.ActiveCfg = RelWithDebInfo|x64
		{23982D34-B80E-3F4C-B810-543FE36BC210}.RelWithDebInfo|x64.Build.0 = RelWithDebInfo|x64
		{450818A5-4299-3740-B938-D03257BE8298}.Debug|x64.ActiveCfg = Debug|x64
		{450818A5-4299-3740-B938-D03257BE8298}.Debug|x64.Build.0 = Debug|x64
		{450818A5-4299-3740-B938-D03257BE8298}.Release|x64.ActiveCfg = Release|x64
		{450818A5-4299-3740-B938-D03257BE8298}.Release|x64.Build.0 = Release|x64
		{450818A5-4299-3740-B938-D03257BE8298}.MinSizeRel|x64.ActiveCfg = MinSizeRel|x64
		{450818A5-4299-3740-B938-D03257BE8298}.MinSizeRel|x64.Build.0 = MinSizeRel|x64
		{450818A5-4299-3740-B938-D03257BE8298}.RelWithDebInfo|x64.ActiveCfg = RelWithDebInfo|x64
		{450818A5-4299-3740-B938-D03257BE8298}.RelWithDebInfo|x64.Build.0 = RelWithDebInfo|x64
		{FE242CD2-BCB2-3A78-9417-7B586EF4B87E}.Debug|x64.ActiveCfg = Debug|x64
		{FE242CD2-BCB2-3A78-9417-7B586EF4B87E}.Debug|x64.Build.0 = Debug|x64
		{FE242CD2-BCB2-3A78-9417-7B586EF4B87E}.Release|x64.ActiveCfg = Release|x64
		{FE242CD2-BCB2-3A78-9417-7B586EF4B87E}.Release|x64.Build.0 = Release|x64
		{FE242CD2-BCB2-3A78-9417-7B586EF4B87E}.MinSizeRel|x64.ActiveCfg = MinSizeRel|x64
		{FE242CD2-BCB2-3A78-9417-7B586EF4B87E}.MinSizeRel|x64.Build.0 = MinSizeRel|x64
		{FE242CD2-BCB2-3A78-9417-7B586EF4B87E}.RelWithDebInfo|x64.ActiveCfg = RelWithDebInfo|x64
		{FE242CD2-BCB2-3A78-9417-7B586EF4B87E}.RelWithDebInfo|x64.Build.0 = RelWithDebInfo|x64
		{092FC608-9631-3225-B3BF-23B85B244DD7}.Debug|x64.ActiveCfg = Debug|x64
		{092FC608-9631-3225-B3BF-23B85B244DD7}.Debug|x64.Build.0 = Debug|x64
		{092FC608-9631-3225-B3BF-23B85B244DD7}.Release|x64.ActiveCfg = Release|x64
		{092FC608-9631-3225-B3BF-23B85B244DD7}.Release|x64.Build.0 = Release|x64
		{092FC608-9631-3225-B3BF-23B85B244DD7}.MinSizeRel|x64.ActiveCfg = MinSizeRel|x64
		{092FC608-9631-3225-B3BF-23B85B244DD7}.MinSizeRel|x64.Build.0 = MinSizeRel|x64
		{092FC608-9631-3225-B3BF-23B85B244DD7}.RelWithDebInfo|x64.ActiveCfg = RelWithDebInfo|x64
		{092FC608-9631-3225-B3BF-23B85B244DD7}.RelWithDebInfo|x64.Build.0 = RelWithDebInfo|x64
		{2F9558E0-3671-3139-97D9-02E38AA5EF73}.Debug|x64.ActiveCfg = Debug|x64
		{2F9558E0-3671-3139-97D9-02E38AA5EF73}.Debug|x64.Build.0 = Debug|x64
		{2F9558E0-3671-3139-97D9-02E38AA5EF73}.Release|x64.ActiveCfg = Release|x64
		{2F9558E0-3671-3139-97D9-02E38AA5EF73}.Release|x64.Build.0 = Release|x64
		{2F9558E0-3671-3139-97D9-02E38AA5EF73}.MinSizeRel|x64.ActiveCfg = MinSizeRel|x64
		{2F9558E0-3671-3139-97D9-02E38AA5EF73}.MinSizeRel|x64.Build.0 = MinSizeRel|x64
		{2F9558E0-3671-3139-97D9-02E38AA5EF73}.RelWithDebInfo|x64.ActiveCfg = RelWithDebInfo|x64
		{2F9558E0-3671-3139-97D9-02E38AA5EF73}.RelWithDebInfo|x64.Build.0 = RelWithDebInfo|x64
		{00E705D9-CB70-3025-B2C4-675D99AFF484}.Debug|x64.ActiveCfg = Debug|x64
		{00E705D9-CB70-3025-B2C4-675D99AFF484}.Debug|x64.Build.0 = Debug|x64
		{00E705D9-CB70-3025-B2C4-675D99AFF484}.Release|x64.ActiveCfg = Release|x64
		{00E705D9-CB70-3025-B2C4-675D99AFF484}.Release|x64.Build.0 = Release|x64
		{00E705D9-CB70-3025-B2C4-675D99AFF484}.MinSizeRel|x64.ActiveCfg = MinSizeRel|x64
		{00E705D9-CB70-3025-B2C4-675D99AFF484}.MinSizeRel|x64.Build.0 = MinSizeRel|x64
		{00E705D9-CB70-3025-B2C4-675D99AFF484}.RelWithDebInfo|x64.ActiveCfg = RelWithDebInfo|x64
		{00E705D9-CB70-3025-B2C4-675D99AFF484}.RelWithDebInfo|x64.Build.0 = RelWithDebInfo|x64
		{18A12857-B3C9-3590-990B-9FD8752793E0}.Debug|x64.ActiveCfg = Debug|x64
		{18A12857-B3C9-3590-990B-9FD8752793E0}.Debug|x64.Build.0 = Debug|x64
		{18A12857-B3C9-3590-990B-9FD8752793E0}.Release|x64.ActiveCfg = Release|x64
		{18A12857-B3C9-3590-990B-9FD8752793E0}.Release|x64.Build.0 = Release|x64
		{18A12857-B3C9-3590-990B-9FD8752793E0}.MinSizeRel|x64.ActiveCfg = MinSizeRel|x64
		{18A12857-B3C9-3590-990B-9FD8752793E0}.MinSizeRel|x64.Build.0 = MinSizeRel|x64
		{18A12857-B3C9-3590-990B-9FD8752793E0}.RelWithDebInfo|x64.ActiveCfg = RelWithDebInfo|x64
		{18A12857-B3C9-3590-990B-9FD8752793E0}.RelWithDebInfo|x64.Build.0 = RelWithDebInfo|x64
		{1084362A-164E-3CB8-9F21-AEAFD8C60FFE}.Debug|x64.ActiveCfg = Debug|x64
		{1084362A-164E-3CB8-9F21-AEAFD8C60FFE}.Debug|x64.Build.0 = Debug|x64
		{1084362A-164E-3CB8-9F21-AEAFD8C60FFE}.Release|x64.ActiveCfg = Release|x64
		{1084362A-164E-3CB8-9F21-AEAFD8C60FFE}.Release|x64.Build.0 = Release|x64
		{1084362A-164E-3CB8-9F21-AEAFD8C60FFE}.MinSizeRel|x64.ActiveCfg = MinSizeRel|x64
		{1084362A-164E-3CB8-9F21-AEAFD8C60FFE}.MinSizeRel|x64.Build.0 = MinSizeRel|x64
		{1084362A-164E-3CB8-9F21-AEAFD8C60FFE}.RelWithDebInfo|x64.ActiveCfg = RelWithDebInfo|x64
		{1084362A-164E-3CB8-9F21-AEAFD8C60FFE}.RelWithDebInfo|x64.Build.0 = RelWithDebInfo|x64
		{A50A7EF6-B8EB-31E0-B2AC-E0B5FFB3A272}.Debug|x64.ActiveCfg = Debug|x64
		{A50A7EF6-B8EB-31E0-B2AC-E0B5FFB3A272}.Debug|x64.Build.0 = Debug|x64
		{A50A7EF6-B8EB-31E0-B2AC-E0B5FFB3A272}.Release|x64.ActiveCfg = Release|x64
		{A50A7EF6-B8EB-31E0-B2AC-E0B5FFB3A272}.Release|x64.Build.0 = Release|x64
		{A50A7EF6-B8EB-31E0-B2AC-E0B5FFB3A272}.MinSizeRel|x64.ActiveCfg = MinSizeRel|x64
		{A50A7EF6-B8EB-31E0-B2AC-E0B5FFB3A272}.MinSizeRel|x64.Build.0 = MinSizeRel|x64
		{A50A7EF6-B8EB-31E0-B2AC-E0B5FFB3A272}.RelWithDebInfo|x64.ActiveCfg = RelWithDebInfo|x64
		{A50A7EF6-B8EB-31E0-B2AC-E0B5FFB3A272}.RelWithDebInfo|x64.Build.0 = RelWithDebInfo|x64
		{676CB3B6-9995-3285-9B2A-7285CBBCF161}.Debug|x64.ActiveCfg = Debug|x64
		{676CB3B6-9995-3285-9B2A-7285CBBCF161}.Debug|x64.Build.0 = Debug|x64
		{676CB3B6-9995-3285-9B2A-7285CBBCF161}.Release|x64.ActiveCfg = Release|x64
		{676CB3B6-9995-3285-9B2A-7285CBBCF161}.Release|x64.Build.0 = Release|x64
		{676CB3B6-9995-3285-9B2A-7285CBBCF161}.MinSizeRel|x64.ActiveCfg = MinSizeRel|x64
		{676CB3B6-9995-3285-9B2A-7285CBBCF161}.MinSizeRel|x64.Build.0 = MinSizeRel|x64
		{676CB3B6-9995-3285-9B2A-7285CBBCF161}.RelWithDebInfo|x64.ActiveCfg = RelWithDebInfo|x64
		{676CB3B6-9995-3285-9B2A-7285CBBCF161}.RelWithDebInfo|x64.Build.0 = RelWithDebInfo|x64
		{F3232593-FA97-37AB-B0B6-45506B5667EE}.Debug|x64.ActiveCfg = Debug|x64
		{F3232593-FA97-37AB-B0B6-45506B5667EE}.Debug|x64.Build.0 = Debug|x64
		{F3232593-FA97-37AB-B0B6-45506B5667EE}.Release|x64.ActiveCfg = Release|x64
		{F3232593-FA97-37AB-B0B6-45506B5667EE}.Release|x64.Build.0 = Release|x64
		{F3232593-FA97-37AB-B0B6-45506B5667EE}.MinSizeRel|x64.ActiveCfg = MinSizeRel|x64
		{F3232593-FA97-37AB-B0B6-45506B5667EE}.MinSizeRel|x64.Build.0 = MinSizeRel|x64
		{F3232593-FA97-37AB-B0B6-45506B5667EE}.RelWithDebInfo|x64.ActiveCfg = RelWithDebInfo|x64
		{F3232593-FA97-37AB-B0B6-45506B5667EE}.RelWithDebInfo|x64.Build.0 = RelWithDebInfo|x64
		{2F8B51F0-E29C-3FF8-9F2A-D7E764A19637}.Debug|x64.ActiveCfg = Debug|x64
		{2F8B51F0-E29C-3FF8-9F2A-D7E764A19637}.Debug|x64.Build.0 = Debug|x64
		{2F8B51F0-E29C-3FF8-9F2A-D7E764A19637}.Release|x64.ActiveCfg = Release|x64
		{2F8B51F0-E29C-3FF8-9F2A-D7E764A19637}.Release|x64.Build.0 = Release|x64
		{2F8B51F0-E29C-3FF8-9F2A-D7E764A19637}.MinSizeRel|x64.ActiveCfg = MinSizeRel|x64
		{2F8B51F0-E29C-3FF8-9F2A-D7E764A19637}.MinSizeRel|x64.Build.0 = MinSizeRel|x64
		{2F8B51F0-E29C-3FF8-9F2A-D7E764A19637}.RelWithDebInfo|x64.ActiveCfg = RelWithDebInfo|x64
		{2F8B51F0-E29C-3FF8-9F2A-D7E764A19637}.RelWithDebInfo|x64.Build.0 = RelWithDebInfo|x64
		{4210CF07-B602-3574-8177-32C802A277EC}.Debug|x64.ActiveCfg = Debug|x64
		{4210CF07-B602-3574-8177-32C802A277EC}.Debug|x64.Build.0 = Debug|x64
		{4210CF07-B602-3574-8177-32C802A277EC}.Release|x64.ActiveCfg = Release|x64
		{4210CF07-B602-3574-8177-32C802A277EC}.Release|x64.Build.0 = Release|x64
		{4210CF07-B602-3574-8177-32C802A277EC}.MinSizeRel|x64.ActiveCfg = MinSizeRel|x64
		{4210CF07-B602-3574-8177-32C802A277EC}.MinSizeRel|x64.Build.0 = MinSizeRel|x64
		{4210CF07-B602-3574-8177-32C802A277EC}.RelWithDebInfo|x64.ActiveCfg = RelWithDebInfo|x64
		{4210CF07-B602-3574-8177-32C802A277EC}.RelWithDebInfo|x64.Build.0 = RelWithDebInfo|x64
		{E745D834-92E5-3A3A-B6F3-33C6768FC64D}.Debug|x64.ActiveCfg = Debug|x64
		{E745D834-92E5-3A3A-B6F3-33C6768FC64D}.Debug|x64.Build.0 = Debug|x64
		{E745D834-92E5-3A3A-B6F3-33C6768FC64D}.Release|x64.ActiveCfg = Release|x64
		{E745D834-92E5-3A3A-B6F3-33C6768FC64D}.Release|x64.Build.0 = Release|x64
		{E745D834-92E5-3A3A-B6F3-33C6768FC64D}.MinSizeRel|x64.ActiveCfg = MinSizeRel|x64
		{E745D834-92E5-3A3A-B6F3-33C6768FC64D}.MinSizeRel|x64.Build.0 = MinSizeRel|x64
		{E745D834-92E5-3A3A-B6F3-33C6768FC64D}.RelWithDebInfo|x64.ActiveCfg = RelWithDebInfo|x64
		{E745D834-92E5-3A3A-B6F3-33C6768FC64D}.RelWithDebInfo|x64.Build.0 = RelWithDebInfo|x64
		{45D42A0D-4F32-3C28-9FE1-D9F1D8CB366C}.Debug|x64.ActiveCfg = Debug|x64
		{45D42A0D-4F32-3C28-9FE1-D9F1D8CB366C}.Debug|x64.Build.0 = Debug|x64
		{45D42A0D-4F32-3C28-9FE1-D9F1D8CB366C}.Release|x64.ActiveCfg = Release|x64
		{45D42A0D-4F32-3C28-9FE1-D9F1D8CB366C}.Release|x64.Build.0 = Release|x64
		{45D42A0D-4F32-3C28-9FE1-D9F1D8CB366C}.MinSizeRel|x64.ActiveCfg = MinSizeRel|x64
		{45D42A0D-4F32-3C28-9FE1-D9F1D8CB366C}.MinSizeRel|x64.Build.0 = MinSizeRel|x64
		{45D42A0D-4F32-3C28-9FE1-D9F1D8CB366C}.RelWithDebInfo|x64.ActiveCfg = RelWithDebInfo|x64
		{45D42A0D-4F32-3C28-9FE1-D9F1D8CB366C}.RelWithDebInfo|x64.Build.0 = RelWithDebInfo|x64
		{787DE21A-9486-35BE-B38F-BE1A57E666C1}.Debug|x64.ActiveCfg = Debug|x64
		{787DE21A-9486-35BE-B38F-BE1A57E666C1}.Debug|x64.Build.0 = Debug|x64
		{787DE21A-9486-35BE-B38F-BE1A57E666C1}.Release|x64.ActiveCfg = Release|x64
		{787DE21A-9486-35BE-B38F-BE1A57E666C1}.Release|x64.Build.0 = Release|x64
		{787DE21A-9486-35BE-B38F-BE1A57E666C1}.MinSizeRel|x64.ActiveCfg = MinSizeRel|x64
		{787DE21A-9486-35BE-B38F-BE1A57E666C1}.MinSizeRel|x64.Build.0 = MinSizeRel|x64
		{787DE21A-9486-35BE-B38F-BE1A57E666C1}.RelWithDebInfo|x64.ActiveCfg = RelWithDebInfo|x64
		{787DE21A-9486-35BE-B38F-BE1A57E666C1}.RelWithDebInfo|x64.Build.0 = RelWithDebInfo|x64
	EndGlobalSection
	GlobalSection(ExtensibilityGlobals) = postSolution
		SolutionGuid = {EE79CBC5-F9F5-3ECE-8DCD-2B60F7D1AC30}
	EndGlobalSection
	GlobalSection(ExtensibilityAddIns) = postSolution
	EndGlobalSection
EndGlobal
