<?xml version="1.0" encoding="utf-8"?>
<Project ToolsVersion="17.0" xmlns="http://schemas.microsoft.com/developer/msbuild/2003">
  <ItemGroup>
    <ClCompile Include="C:\Users\vande\Desktop\NETWORK\tests\test_expressivity_regression.c">
      <Filter>Source Files</Filter>
    </ClCompile>
  </ItemGroup>
  <ItemGroup>
    <CustomBuild Include="C:\Users\vande\Desktop\NETWORK\CMakeLists.txt" />
  </ItemGroup>
  <ItemGroup>
    <Filter Include="Source Files">
      <UniqueIdentifier>{2EF4A24E-8B0D-331E-887E-126B6ADC73DF}</UniqueIdentifier>
    </Filter>
  </ItemGroup>
</Project>
