<?xml version="1.0" encoding="utf-8"?>
<Project ToolsVersion="17.0" xmlns="http://schemas.microsoft.com/developer/msbuild/2003">
  <ItemGroup>
    <CustomBuild Include="C:\Users\vande\Desktop\NETWORK\build-msvc\CMakeFiles\38155bdefef70d6573ce2ff596d283bf\generate.stamp.rule">
      <Filter>CMake Rules</Filter>
    </CustomBuild>
  </ItemGroup>
  <ItemGroup>
    <Filter Include="CMake Rules">
      <UniqueIdentifier>{9620C846-2E1C-34A6-81A5-D36C183F9D4E}</UniqueIdentifier>
    </Filter>
  </ItemGroup>
</Project>
